// !$*UTF8*$!
{
	archiveVersion = 1;
	classes = {
	};
	objectVersion = 50;
	objects = {

/* Begin PBXBuildFile section */
		A159616C239422000055BEFA /* HistoryViewController.swift in Sources */ = {isa = PBXBuildFile; fileRef = A159616B239422000055BEFA /* HistoryViewController.swift */; };
		A16620B923DDDC3500107CE4 /* HistoryTableViewCell.swift in Sources */ = {isa = PBXBuildFile; fileRef = A16620B823DDDC3500107CE4 /* HistoryTableViewCell.swift */; };
		A1BBC0F7238ACF3100EAA6CA /* FMDatabaseAdditions.m in Sources */ = {isa = PBXBuildFile; fileRef = A1BBC0ED238ACF3100EAA6CA /* FMDatabaseAdditions.m */; };
		A1BBC0F8238ACF3100EAA6CA /* FMResultSet.m in Sources */ = {isa = PBXBuildFile; fileRef = A1BBC0EE238ACF3100EAA6CA /* FMResultSet.m */; };
		A1BBC0F9238ACF3100EAA6CA /* FMDatabasePool.m in Sources */ = {isa = PBXBuildFile; fileRef = A1BBC0EF238ACF3100EAA6CA /* FMDatabasePool.m */; };
		A1BBC0FA238ACF3100EAA6CA /* DBManager.swift in Sources */ = {isa = PBXBuildFile; fileRef = A1BBC0F0238ACF3100EAA6CA /* DBManager.swift */; };
		A1BBC0FB238ACF3100EAA6CA /* FMDatabase.m in Sources */ = {isa = PBXBuildFile; fileRef = A1BBC0F2238ACF3100EAA6CA /* FMDatabase.m */; };
		A1BBC0FC238ACF3100EAA6CA /* FMDatabaseQueue.m in Sources */ = {isa = PBXBuildFile; fileRef = A1BBC0F5238ACF3100EAA6CA /* FMDatabaseQueue.m */; };
		A1DE9B552392D3F300786AE7 /* SettingsViewController.swift in Sources */ = {isa = PBXBuildFile; fileRef = A1DE9B542392D3F300786AE7 /* SettingsViewController.swift */; };
		A1DE9B572392D71000786AE7 /* CameraViewController.swift in Sources */ = {isa = PBXBuildFile; fileRef = A1DE9B562392D71000786AE7 /* CameraViewController.swift */; };
		A1ED797A23783DD4004C7791 /* HistoryRecord.swift in Sources */ = {isa = PBXBuildFile; fileRef = A1ED797923783DD4004C7791 /* HistoryRecord.swift */; };
		A1F60EF123780C02008ED157 /* AppDelegate.swift in Sources */ = {isa = PBXBuildFile; fileRef = A1F60EF023780C02008ED157 /* AppDelegate.swift */; };
		A1F60EF823780C02008ED157 /* Main.storyboard in Resources */ = {isa = PBXBuildFile; fileRef = A1F60EF623780C02008ED157 /* Main.storyboard */; };
		A1F60EFA23780C03008ED157 /* Assets.xcassets in Resources */ = {isa = PBXBuildFile; fileRef = A1F60EF923780C03008ED157 /* Assets.xcassets */; };
		A1F60EFD23780C03008ED157 /* LaunchScreen.storyboard in Resources */ = {isa = PBXBuildFile; fileRef = A1F60EFB23780C03008ED157 /* LaunchScreen.storyboard */; };
		A1F60F0523782650008ED157 /* ResultViewController.swift in Sources */ = {isa = PBXBuildFile; fileRef = A1F60F0423782650008ED157 /* ResultViewController.swift */; };
/* End PBXBuildFile section */

/* Begin PBXFileReference section */
		A159616B239422000055BEFA /* HistoryViewController.swift */ = {isa = PBXFileReference; fileEncoding = 4; lastKnownFileType = sourcecode.swift; path = HistoryViewController.swift; sourceTree = "<group>"; };
		A16620B823DDDC3500107CE4 /* HistoryTableViewCell.swift */ = {isa = PBXFileReference; lastKnownFileType = sourcecode.swift; path = HistoryTableViewCell.swift; sourceTree = "<group>"; };
		A1BBC0EA238ACF3100EAA6CA /* FMDB.h */ = {isa = PBXFileReference; fileEncoding = 4; lastKnownFileType = sourcecode.c.h; path = FMDB.h; sourceTree = "<group>"; };
		A1BBC0EB238ACF3100EAA6CA /* FMDatabase.h */ = {isa = PBXFileReference; fileEncoding = 4; lastKnownFileType = sourcecode.c.h; path = FMDatabase.h; sourceTree = "<group>"; };
		A1BBC0EC238ACF3100EAA6CA /* FMDatabaseQueue.h */ = {isa = PBXFileReference; fileEncoding = 4; lastKnownFileType = sourcecode.c.h; path = FMDatabaseQueue.h; sourceTree = "<group>"; };
		A1BBC0ED238ACF3100EAA6CA /* FMDatabaseAdditions.m */ = {isa = PBXFileReference; fileEncoding = 4; lastKnownFileType = sourcecode.c.objc; path = FMDatabaseAdditions.m; sourceTree = "<group>"; };
		A1BBC0EE238ACF3100EAA6CA /* FMResultSet.m */ = {isa = PBXFileReference; fileEncoding = 4; lastKnownFileType = sourcecode.c.objc; path = FMResultSet.m; sourceTree = "<group>"; };
		A1BBC0EF238ACF3100EAA6CA /* FMDatabasePool.m */ = {isa = PBXFileReference; fileEncoding = 4; lastKnownFileType = sourcecode.c.objc; path = FMDatabasePool.m; sourceTree = "<group>"; };
		A1BBC0F0238ACF3100EAA6CA /* DBManager.swift */ = {isa = PBXFileReference; fileEncoding = 4; lastKnownFileType = sourcecode.swift; path = DBManager.swift; sourceTree = "<group>"; };
		A1BBC0F1238ACF3100EAA6CA /* FMResultSet.h */ = {isa = PBXFileReference; fileEncoding = 4; lastKnownFileType = sourcecode.c.h; path = FMResultSet.h; sourceTree = "<group>"; };
		A1BBC0F2238ACF3100EAA6CA /* FMDatabase.m */ = {isa = PBXFileReference; fileEncoding = 4; lastKnownFileType = sourcecode.c.objc; path = FMDatabase.m; sourceTree = "<group>"; };
		A1BBC0F3238ACF3100EAA6CA /* FMDatabasePool.h */ = {isa = PBXFileReference; fileEncoding = 4; lastKnownFileType = sourcecode.c.h; path = FMDatabasePool.h; sourceTree = "<group>"; };
		A1BBC0F4238ACF3100EAA6CA /* FMDatabaseAdditions.h */ = {isa = PBXFileReference; fileEncoding = 4; lastKnownFileType = sourcecode.c.h; path = FMDatabaseAdditions.h; sourceTree = "<group>"; };
		A1BBC0F5238ACF3100EAA6CA /* FMDatabaseQueue.m */ = {isa = PBXFileReference; fileEncoding = 4; lastKnownFileType = sourcecode.c.objc; path = FMDatabaseQueue.m; sourceTree = "<group>"; };
		A1BBC0F6238ACF3100EAA6CA /* rmscanner-Bridging-Header.h */ = {isa = PBXFileReference; fileEncoding = 4; lastKnownFileType = sourcecode.c.h; path = "rmscanner-Bridging-Header.h"; sourceTree = "<group>"; };
		A1DE9B542392D3F300786AE7 /* SettingsViewController.swift */ = {isa = PBXFileReference; lastKnownFileType = sourcecode.swift; path = SettingsViewController.swift; sourceTree = "<group>"; };
		A1DE9B562392D71000786AE7 /* CameraViewController.swift */ = {isa = PBXFileReference; lastKnownFileType = sourcecode.swift; path = CameraViewController.swift; sourceTree = "<group>"; };
		A1ED797923783DD4004C7791 /* HistoryRecord.swift */ = {isa = PBXFileReference; lastKnownFileType = sourcecode.swift; path = HistoryRecord.swift; sourceTree = "<group>"; };
		A1F60EED23780C02008ED157 /* rmscanner.app */ = {isa = PBXFileReference; explicitFileType = wrapper.application; includeInIndex = 0; path = rmscanner.app; sourceTree = BUILT_PRODUCTS_DIR; };
		A1F60EF023780C02008ED157 /* AppDelegate.swift */ = {isa = PBXFileReference; lastKnownFileType = sourcecode.swift; path = AppDelegate.swift; sourceTree = "<group>"; };
		A1F60EF723780C02008ED157 /* Base */ = {isa = PBXFileReference; lastKnownFileType = file.storyboard; name = Base; path = Base.lproj/Main.storyboard; sourceTree = "<group>"; };
		A1F60EF923780C03008ED157 /* Assets.xcassets */ = {isa = PBXFileReference; lastKnownFileType = folder.assetcatalog; path = Assets.xcassets; sourceTree = "<group>"; };
		A1F60EFC23780C03008ED157 /* Base */ = {isa = PBXFileReference; lastKnownFileType = file.storyboard; name = Base; path = Base.lproj/LaunchScreen.storyboard; sourceTree = "<group>"; };
		A1F60EFE23780C03008ED157 /* Info.plist */ = {isa = PBXFileReference; lastKnownFileType = text.plist.xml; path = Info.plist; sourceTree = "<group>"; };
		A1F60F0423782650008ED157 /* ResultViewController.swift */ = {isa = PBXFileReference; lastKnownFileType = sourcecode.swift; path = ResultViewController.swift; sourceTree = "<group>"; };
/* End PBXFileReference section */

/* Begin PBXFrameworksBuildPhase section */
		A1F60EEA23780C02008ED157 /* Frameworks */ = {
			isa = PBXFrameworksBuildPhase;
			buildActionMask = 2147483647;
			files = (
			);
			runOnlyForDeploymentPostprocessing = 0;
		};
/* End PBXFrameworksBuildPhase section */

/* Begin PBXGroup section */
		A1BBC0E8238ACEDC00EAA6CA /* fmdb */ = {
			isa = PBXGroup;
			children = (
				A1BBC0F0238ACF3100EAA6CA /* DBManager.swift */,
				A1BBC0EB238ACF3100EAA6CA /* FMDatabase.h */,
				A1BBC0F2238ACF3100EAA6CA /* FMDatabase.m */,
				A1BBC0F4238ACF3100EAA6CA /* FMDatabaseAdditions.h */,
				A1BBC0ED238ACF3100EAA6CA /* FMDatabaseAdditions.m */,
				A1BBC0F3238ACF3100EAA6CA /* FMDatabasePool.h */,
				A1BBC0EF238ACF3100EAA6CA /* FMDatabasePool.m */,
				A1BBC0EC238ACF3100EAA6CA /* FMDatabaseQueue.h */,
				A1BBC0F5238ACF3100EAA6CA /* FMDatabaseQueue.m */,
				A1BBC0EA238ACF3100EAA6CA /* FMDB.h */,
				A1BBC0F1238ACF3100EAA6CA /* FMResultSet.h */,
				A1BBC0EE238ACF3100EAA6CA /* FMResultSet.m */,
				A1BBC0F6238ACF3100EAA6CA /* rmscanner-Bridging-Header.h */,
			);
			name = fmdb;
			path = "/Users/stud/Downloads/code-scanner-ios-swift/rmscanner/fmdb";
			sourceTree = "<absolute>";
		};
		A1ED797823783DB6004C7791 /* Model */ = {
			isa = PBXGroup;
			children = (
				A1ED797923783DD4004C7791 /* HistoryRecord.swift */,
			);
			path = Model;
			sourceTree = "<group>";
		};
		A1F60EE423780C01008ED157 = {
			isa = PBXGroup;
			children = (
				A1F60EEF23780C02008ED157 /* rmscanner */,
				A1F60EEE23780C02008ED157 /* Products */,
			);
			sourceTree = "<group>";
		};
		A1F60EEE23780C02008ED157 /* Products */ = {
			isa = PBXGroup;
			children = (
				A1F60EED23780C02008ED157 /* rmscanner.app */,
			);
			name = Products;
			sourceTree = "<group>";
		};
		A1F60EEF23780C02008ED157 /* rmscanner */ = {
			isa = PBXGroup;
			children = (
				A1BBC0E8238ACEDC00EAA6CA /* fmdb */,
				A1ED797823783DB6004C7791 /* Model */,
				A1F60EF023780C02008ED157 /* AppDelegate.swift */,
				A159616B239422000055BEFA /* HistoryViewController.swift */,
				A1F60EF623780C02008ED157 /* Main.storyboard */,
				A1F60EF923780C03008ED157 /* Assets.xcassets */,
				A1F60EFB23780C03008ED157 /* LaunchScreen.storyboard */,
				A1F60EFE23780C03008ED157 /* Info.plist */,
				A1F60F0423782650008ED157 /* ResultViewController.swift */,
				A1DE9B542392D3F300786AE7 /* SettingsViewController.swift */,
				A1DE9B562392D71000786AE7 /* CameraViewController.swift */,
				A16620B823DDDC3500107CE4 /* HistoryTableViewCell.swift */,
			);
			path = rmscanner;
			sourceTree = "<group>";
		};
/* End PBXGroup section */

/* Begin PBXNativeTarget section */
		A1F60EEC23780C02008ED157 /* rmscanner */ = {
			isa = PBXNativeTarget;
			buildConfigurationList = A1F60F0123780C03008ED157 /* Build configuration list for PBXNativeTarget "rmscanner" */;
			buildPhases = (
				A1F60EE923780C02008ED157 /* Sources */,
				A1F60EEA23780C02008ED157 /* Frameworks */,
				A1F60EEB23780C02008ED157 /* Resources */,
			);
			buildRules = (
			);
			dependencies = (
			);
			name = rmscanner;
			productName = rmscanner;
			productReference = A1F60EED23780C02008ED157 /* rmscanner.app */;
			productType = "com.apple.product-type.application";
		};
/* End PBXNativeTarget section */

/* Begin PBXProject section */
		A1F60EE523780C01008ED157 /* Project object */ = {
			isa = PBXProject;
			attributes = {
				LastSwiftUpdateCheck = 1010;
				LastUpgradeCheck = 1010;
				ORGANIZATIONNAME = ol;
				TargetAttributes = {
					A1F60EEC23780C02008ED157 = {
						CreatedOnToolsVersion = 10.1;
						LastSwiftMigration = 1010;
					};
				};
			};
			buildConfigurationList = A1F60EE823780C01008ED157 /* Build configuration list for PBXProject "rmscanner" */;
			compatibilityVersion = "Xcode 9.3";
			developmentRegion = en;
			hasScannedForEncodings = 0;
			knownRegions = (
				en,
				Base,
			);
			mainGroup = A1F60EE423780C01008ED157;
			productRefGroup = A1F60EEE23780C02008ED157 /* Products */;
			projectDirPath = "";
			projectRoot = "";
			targets = (
				A1F60EEC23780C02008ED157 /* rmscanner */,
			);
		};
/* End PBXProject section */

/* Begin PBXResourcesBuildPhase section */
		A1F60EEB23780C02008ED157 /* Resources */ = {
			isa = PBXResourcesBuildPhase;
			buildActionMask = 2147483647;
			files = (
				A1F60EFD23780C03008ED157 /* LaunchScreen.storyboard in Resources */,
				A1F60EFA23780C03008ED157 /* Assets.xcassets in Resources */,
				A1F60EF823780C02008ED157 /* Main.storyboard in Resources */,
			);
			runOnlyForDeploymentPostprocessing = 0;
		};
/* End PBXResourcesBuildPhase section */

/* Begin PBXSourcesBuildPhase section */
		A1F60EE923780C02008ED157 /* Sources */ = {
			isa = PBXSourcesBuildPhase;
			buildActionMask = 2147483647;
			files = (
				A1ED797A23783DD4004C7791 /* HistoryRecord.swift in Sources */,
				A1BBC0F8238ACF3100EAA6CA /* FMResultSet.m in Sources */,
				A16620B923DDDC3500107CE4 /* HistoryTableViewCell.swift in Sources */,
				A1BBC0FB238ACF3100EAA6CA /* FMDatabase.m in Sources */,
				A1DE9B572392D71000786AE7 /* CameraViewController.swift in Sources */,
				A159616C239422000055BEFA /* HistoryViewController.swift in Sources */,
				A1F60EF123780C02008ED157 /* AppDelegate.swift in Sources */,
				A1BBC0FA238ACF3100EAA6CA /* DBManager.swift in Sources */,
				A1F60F0523782650008ED157 /* ResultViewController.swift in Sources */,
				A1BBC0F9238ACF3100EAA6CA /* FMDatabasePool.m in Sources */,
				A1BBC0FC238ACF3100EAA6CA /* FMDatabaseQueue.m in Sources */,
				A1BBC0F7238ACF3100EAA6CA /* FMDatabaseAdditions.m in Sources */,
				A1DE9B552392D3F300786AE7 /* SettingsViewController.swift in Sources */,
			);
			runOnlyForDeploymentPostprocessing = 0;
		};
/* End PBXSourcesBuildPhase section */

/* Begin PBXVariantGroup section */
		A1F60EF623780C02008ED157 /* Main.storyboard */ = {
			isa = PBXVariantGroup;
			children = (
				A1F60EF723780C02008ED157 /* Base */,
			);
			name = Main.storyboard;
			sourceTree = "<group>";
		};
		A1F60EFB23780C03008ED157 /* LaunchScreen.storyboard */ = {
			isa = PBXVariantGroup;
			children = (
				A1F60EFC23780C03008ED157 /* Base */,
			);
			name = LaunchScreen.storyboard;
			sourceTree = "<group>";
		};
/* End PBXVariantGroup section */

/* Begin XCBuildConfiguration section */
		A1F60EFF23780C03008ED157 /* Debug */ = {
			isa = XCBuildConfiguration;
			buildSettings = {
				ALWAYS_SEARCH_USER_PATHS = NO;
				CLANG_ANALYZER_NONNULL = YES;
				CLANG_ANALYZER_NUMBER_OBJECT_CONVERSION = YES_AGGRESSIVE;
				CLANG_CXX_LANGUAGE_STANDARD = "gnu++14";
				CLANG_CXX_LIBRARY = "libc++";
				CLANG_ENABLE_MODULES = YES;
				CLANG_ENABLE_OBJC_ARC = YES;
				CLANG_ENABLE_OBJC_WEAK = YES;
				CLANG_WARN_BLOCK_CAPTURE_AUTORELEASING = YES;
				CLANG_WARN_BOOL_CONVERSION = YES;
				CLANG_WARN_COMMA = YES;
				CLANG_WARN_CONSTANT_CONVERSION = YES;
				CLANG_WARN_DEPRECATED_OBJC_IMPLEMENTATIONS = YES;
				CLANG_WARN_DIRECT_OBJC_ISA_USAGE = YES_ERROR;
				CLANG_WARN_DOCUMENTATION_COMMENTS = YES;
				CLANG_WARN_EMPTY_BODY = YES;
				CLANG_WARN_ENUM_CONVERSION = YES;
				CLANG_WARN_INFINITE_RECURSION = YES;
				CLANG_WARN_INT_CONVERSION = YES;
				CLANG_WARN_NON_LITERAL_NULL_CONVERSION = YES;
				CLANG_WARN_OBJC_IMPLICIT_RETAIN_SELF = YES;
				CLANG_WARN_OBJC_LITERAL_CONVERSION = YES;
				CLANG_WARN_OBJC_ROOT_CLASS = YES_ERROR;
				CLANG_WARN_RANGE_LOOP_ANALYSIS = YES;
				CLANG_WARN_STRICT_PROTOTYPES = YES;
				CLANG_WARN_SUSPICIOUS_MOVE = YES;
				CLANG_WARN_UNGUARDED_AVAILABILITY = YES_AGGRESSIVE;
				CLANG_WARN_UNREACHABLE_CODE = YES;
				CLANG_WARN__DUPLICATE_METHOD_MATCH = YES;
				CODE_SIGN_IDENTITY = "iPhone Developer";
				COPY_PHASE_STRIP = NO;
				DEBUG_INFORMATION_FORMAT = dwarf;
				ENABLE_STRICT_OBJC_MSGSEND = YES;
				ENABLE_TESTABILITY = YES;
				GCC_C_LANGUAGE_STANDARD = gnu11;
				GCC_DYNAMIC_NO_PIC = NO;
				GCC_NO_COMMON_BLOCKS = YES;
				GCC_OPTIMIZATION_LEVEL = 0;
				GCC_PREPROCESSOR_DEFINITIONS = (
					"DEBUG=1",
					"$(inherited)",
				);
				GCC_WARN_64_TO_32_BIT_CONVERSION = YES;
				GCC_WARN_ABOUT_RETURN_TYPE = YES_ERROR;
				GCC_WARN_UNDECLARED_SELECTOR = YES;
				GCC_WARN_UNINITIALIZED_AUTOS = YES_AGGRESSIVE;
				GCC_WARN_UNUSED_FUNCTION = YES;
				GCC_WARN_UNUSED_VARIABLE = YES;
				IPHONEOS_DEPLOYMENT_TARGET = 12.1;
				MTL_ENABLE_DEBUG_INFO = INCLUDE_SOURCE;
				MTL_FAST_MATH = YES;
				ONLY_ACTIVE_ARCH = YES;
				SDKROOT = iphoneos;
				SWIFT_ACTIVE_COMPILATION_CONDITIONS = DEBUG;
				SWIFT_OPTIMIZATION_LEVEL = "-Onone";
			};
			name = Debug;
		};
		A1F60F0023780C03008ED157 /* Release */ = {
			isa = XCBuildConfiguration;
			buildSettings = {
				ALWAYS_SEARCH_USER_PATHS = NO;
				CLANG_ANALYZER_NONNULL = YES;
				CLANG_ANALYZER_NUMBER_OBJECT_CONVERSION = YES_AGGRESSIVE;
				CLANG_CXX_LANGUAGE_STANDARD = "gnu++14";
				CLANG_CXX_LIBRARY = "libc++";
				CLANG_ENABLE_MODULES = YES;
				CLANG_ENABLE_OBJC_ARC = YES;
				CLANG_ENABLE_OBJC_WEAK = YES;
				CLANG_WARN_BLOCK_CAPTURE_AUTORELEASING = YES;
				CLANG_WARN_BOOL_CONVERSION = YES;
				CLANG_WARN_COMMA = YES;
				CLANG_WARN_CONSTANT_CONVERSION = YES;
				CLANG_WARN_DEPRECATED_OBJC_IMPLEMENTATIONS = YES;
				CLANG_WARN_DIRECT_OBJC_ISA_USAGE = YES_ERROR;
				CLANG_WARN_DOCUMENTATION_COMMENTS = YES;
				CLANG_WARN_EMPTY_BODY = YES;
				CLANG_WARN_ENUM_CONVERSION = YES;
				CLANG_WARN_INFINITE_RECURSION = YES;
				CLANG_WARN_INT_CONVERSION = YES;
				CLANG_WARN_NON_LITERAL_NULL_CONVERSION = YES;
				CLANG_WARN_OBJC_IMPLICIT_RETAIN_SELF = YES;
				CLANG_WARN_OBJC_LITERAL_CONVERSION = YES;
				CLANG_WARN_OBJC_ROOT_CLASS = YES_ERROR;
				CLANG_WARN_RANGE_LOOP_ANALYSIS = YES;
				CLANG_WARN_STRICT_PROTOTYPES = YES;
				CLANG_WARN_SUSPICIOUS_MOVE = YES;
				CLANG_WARN_UNGUARDED_AVAILABILITY = YES_AGGRESSIVE;
				CLANG_WARN_UNREACHABLE_CODE = YES;
				CLANG_WARN__DUPLICATE_METHOD_MATCH = YES;
				CODE_SIGN_IDENTITY = "iPhone Developer";
				COPY_PHASE_STRIP = NO;
				DEBUG_INFORMATION_FORMAT = "dwarf-with-dsym";
				ENABLE_NS_ASSERTIONS = NO;
				ENABLE_STRICT_OBJC_MSGSEND = YES;
				GCC_C_LANGUAGE_STANDARD = gnu11;
				GCC_NO_COMMON_BLOCKS = YES;
				GCC_WARN_64_TO_32_BIT_CONVERSION = YES;
				GCC_WARN_ABOUT_RETURN_TYPE = YES_ERROR;
				GCC_WARN_UNDECLARED_SELECTOR = YES;
				GCC_WARN_UNINITIALIZED_AUTOS = YES_AGGRESSIVE;
				GCC_WARN_UNUSED_FUNCTION = YES;
				GCC_WARN_UNUSED_VARIABLE = YES;
				IPHONEOS_DEPLOYMENT_TARGET = 12.1;
				MTL_ENABLE_DEBUG_INFO = NO;
				MTL_FAST_MATH = YES;
				SDKROOT = iphoneos;
				SWIFT_COMPILATION_MODE = wholemodule;
				SWIFT_OPTIMIZATION_LEVEL = "-O";
				VALIDATE_PRODUCT = YES;
			};
			name = Release;
		};
		A1F60F0223780C03008ED157 /* Debug */ = {
			isa = XCBuildConfiguration;
			buildSettings = {
				ASSETCATALOG_COMPILER_APPICON_NAME = AppIcon;
				CLANG_ENABLE_MODULES = YES;
				CODE_SIGN_STYLE = Automatic;
				DEVELOPMENT_TEAM = 6VZ8AC7HQ4;
				INFOPLIST_FILE = rmscanner/Info.plist;
				LD_RUNPATH_SEARCH_PATHS = (
					"$(inherited)",
					"@executable_path/Frameworks",
				);
				PRODUCT_BUNDLE_IDENTIFIER = pja.rmscanner;
				PRODUCT_NAME = "$(TARGET_NAME)";
				SWIFT_OBJC_BRIDGING_HEADER = "rmscanner/fmdb/rmscanner-Bridging-Header.h";
				SWIFT_OPTIMIZATION_LEVEL = "-Onone";
				SWIFT_VERSION = 4.2;
				TARGETED_DEVICE_FAMILY = "1,2";
			};
			name = Debug;
		};
		A1F60F0323780C03008ED157 /* Release */ = {
			isa = XCBuildConfiguration;
			buildSettings = {
				ASSETCATALOG_COMPILER_APPICON_NAME = AppIcon;
				CLANG_ENABLE_MODULES = YES;
				CODE_SIGN_STYLE = Automatic;
				DEVELOPMENT_TEAM = 6VZ8AC7HQ4;
				INFOPLIST_FILE = rmscanner/Info.plist;
				LD_RUNPATH_SEARCH_PATHS = (
					"$(inherited)",
					"@executable_path/Frameworks",
				);
				PRODUCT_BUNDLE_IDENTIFIER = pja.rmscanner;
				PRODUCT_NAME = "$(TARGET_NAME)";
				SWIFT_OBJC_BRIDGING_HEADER = "rmscanner/fmdb/rmscanner-Bridging-Header.h";
				SWIFT_VERSION = 4.2;
				TARGETED_DEVICE_FAMILY = "1,2";
			};
			name = Release;
		};
/* End XCBuildConfiguration section */

/* Begin XCConfigurationList section */
		A1F60EE823780C01008ED157 /* Build configuration list for PBXProject "rmscanner" */ = {
			isa = XCConfigurationList;
			buildConfigurations = (
				A1F60EFF23780C03008ED157 /* Debug */,
				A1F60F0023780C03008ED157 /* Release */,
			);
			defaultConfigurationIsVisible = 0;
			defaultConfigurationName = Release;
		};
		A1F60F0123780C03008ED157 /* Build configuration list for PBXNativeTarget "rmscanner" */ = {
			isa = XCConfigurationList;
			buildConfigurations = (
				A1F60F0223780C03008ED157 /* Debug */,
				A1F60F0323780C03008ED157 /* Release */,
			);
			defaultConfigurationIsVisible = 0;
			defaultConfigurationName = Release;
		};
/* End XCConfigurationList section */
	};
	rootObject = A1F60EE523780C01008ED157 /* Project object */;
}
